schema: '2.0'
stages:
  prepare:
    cmd: python dvc_test/prepare.py
    deps:
    - path: data/raw/
      md5: 392859941730af73895d057ac48ad939.dir
      size: 106557364
      nfiles: 13398
    - path: dvc_test/prepare.py
      md5: fdf0d5530ff42da0b527a9ef23176a18
      size: 1249
    outs:
    - path: data/prepared/test.csv
      md5: 3c5caae0198ae968a5d12535149a7211
      size: 69913
    - path: data/prepared/train.csv
      md5: c17572c5644531c9956aab006d2fab31
      size: 174238
  train:
    cmd: python dvc_test/train.py
    deps:
    - path: data/prepared/train.csv
      md5: c17572c5644531c9956aab006d2fab31
      size: 174238
    - path: dvc_test/train.py
      md5: fba02db450a577e4eef0ce583a5dca3e
      size: 1325
    outs:
    - path: model/model.joblib
      md5: 6c6e1a035bd8775e4836d4a3623df485
      size: 1706857
  evaluate:
    cmd: python dvc_test/evaluate.py
    deps:
    - path: dvc_test/evaluate.py
      md5: bf1ab6f37720ecbfdcda6a90397105ca
      size: 644
    - path: model/model.joblib
      md5: 6c6e1a035bd8775e4836d4a3623df485
      size: 1706857
    outs:
    - path: metrics/accuracy.json
      md5: 760e9c438efaf737b118d12344d27a90
      size: 32
